<?xml version="1.0" encoding="utf-8"?>
<Project ToolsVersion="4.0" xmlns="http://schemas.microsoft.com/developer/msbuild/2003">
  <ItemGroup>
    <ClCompile Include="$(MSBuildThisFileDirectory)start.cpp" />
    <ClCompile Include="$(MSBuildThisFileDirectory)Devices\System\Cpu.cpp">
      <Filter>Devices\System</Filter>
    </ClCompile>
    <ClCompile Include="$(MSBuildThisFileDirectory)Devices\System\Interrupts.cpp">
      <Filter>Devices\System</Filter>
    </ClCompile>
    <ClCompile Include="$(MSBuildThisFileDirectory)Devices\System\Memory.cpp">
      <Filter>Devices\System</Filter>
    </ClCompile>
    <ClCompile Include="$(MSBuildThisFileDirectory)Devices\System\System.cpp">
      <Filter>Devices\System</Filter>
    </ClCompile>
    <ClCompile Include="$(MSBuildThisFileDirectory)Devices\Timers\SystemTimer.cpp">
      <Filter>Devices\Timers</Filter>
    </ClCompile>
    <ClCompile Include="$(MSBuildThisFileDirectory)unwind.cpp" />
    <ClCompile Include="$(MSBuildThisFileDirectory)Devices\Gpio\GpioHelper.cpp">
      <Filter>Devices\Gpio</Filter>
    </ClCompile>
    <ClCompile Include="$(MSBuildThisFileDirectory)Devices\Emmc\EmmcHost.cpp">
      <Filter>Devices\Emmc</Filter>
    </ClCompile>
    <ClCompile Include="$(MSBuildThisFileDirectory)Storage\FlashMemory.cpp">
      <Filter>Storage</Filter>
    </ClCompile>
    <ClCompile Include="$(MSBuildThisFileDirectory)Storage\PartitionTable.cpp">
      <Filter>Storage</Filter>
    </ClCompile>
    <ClCompile Include="$(MSBuildThisFileDirectory)Devices\Pcie\PcieHost.cpp">
      <Filter>Devices\Pcie</Filter>
    </ClCompile>
    <ClCompile Include="$(MSBuildThisFileDirectory)Devices\Serial\SerialPort.cpp">
      <Filter>Devices\Serial</Filter>
    </ClCompile>
    <ClCompile Include="$(MSBuildThisFileDirectory)Devices\Gpio\GpioHost.cpp">
      <Filter>Devices\Gpio</Filter>
    </ClCompile>
    <ClCompile Include="$(MSBuildThisFileDirectory)Devices\Gpio\PwmHelper.cpp">
      <Filter>Devices\Gpio</Filter>
    </ClCompile>
    <ClCompile Include="$(MSBuildThisFileDirectory)Devices\System\MailBox.cpp">
      <Filter>Devices\System</Filter>
    </ClCompile>
  </ItemGroup>
  <ItemGroup>
    <ClInclude Include="$(MSBuildThisFileDirectory)IntelliSense.h" />
    <ClInclude Include="$(MSBuildThisFileDirectory)pch.h" />
    <ClInclude Include="$(MSBuildThisFileDirectory)config.h" />
    <ClInclude Include="$(MSBuildThisFileDirectory)Devices\System\Cpu.h">
      <Filter>Devices\System</Filter>
    </ClInclude>
    <ClInclude Include="$(MSBuildThisFileDirectory)Devices\System\Interrupts.h">
      <Filter>Devices\System</Filter>
    </ClInclude>
    <ClInclude Include="$(MSBuildThisFileDirectory)Devices\System\Memory.h">
      <Filter>Devices\System</Filter>
    </ClInclude>
    <ClInclude Include="$(MSBuildThisFileDirectory)Devices\System\System.h">
      <Filter>Devices\System</Filter>
    </ClInclude>
    <ClInclude Include="$(MSBuildThisFileDirectory)Devices\Timers\SystemTimer.h">
      <Filter>Devices\Timers</Filter>
    </ClInclude>
    <ClInclude Include="$(MSBuildThisFileDirectory)except.h" />
    <ClInclude Include="$(MSBuildThisFileDirectory)task.h" />
    <ClInclude Include="$(MSBuildThisFileDirectory)irq.h" />
    <ClInclude Include="$(MSBuildThisFileDirectory)cpu.h" />
    <ClInclude Include="$(MSBuildThisFileDirectory)stddef.h" />
    <ClInclude Include="$(MSBuildThisFileDirectory)unwind.h" />
    <ClInclude Include="$(MSBuildThisFileDirectory)base.h" />
    <ClInclude Include="$(MSBuildThisFileDirectory)Storage\FlashMemory.h">
      <Filter>Storage</Filter>
    </ClInclude>
    <ClInclude Include="$(MSBuildThisFileDirectory)Devices\Gpio\GpioHelper.h">
      <Filter>Devices\Gpio</Filter>
    </ClInclude>
    <ClInclude Include="$(MSBuildThisFileDirectory)Devices\Emmc\EmmcHost.h">
      <Filter>Devices\Emmc</Filter>
    </ClInclude>
    <ClInclude Include="$(MSBuildThisFileDirectory)Devices\Emmc\Emmc.h">
      <Filter>Devices\Emmc</Filter>
    </ClInclude>
    <ClInclude Include="$(MSBuildThisFileDirectory)Storage\PartitionTable.h">
      <Filter>Storage</Filter>
    </ClInclude>
    <ClInclude Include="$(MSBuildThisFileDirectory)Devices\System\Soc.h">
      <Filter>Devices\System</Filter>
    </ClInclude>
    <ClInclude Include="$(MSBuildThisFileDirectory)Devices\Pcie\Pcie.h">
      <Filter>Devices\Pcie</Filter>
    </ClInclude>
    <ClInclude Include="$(MSBuildThisFileDirectory)Devices\Pcie\PcieHost.h">
      <Filter>Devices\Pcie</Filter>
    </ClInclude>
    <ClInclude Include="$(MSBuildThisFileDirectory)Devices\Serial\SerialPort.h">
      <Filter>Devices\Serial</Filter>
    </ClInclude>
    <ClInclude Include="$(MSBuildThisFileDirectory)Devices\Gpio\GpioHost.h">
      <Filter>Devices\Gpio</Filter>
    </ClInclude>
    <ClInclude Include="$(MSBuildThisFileDirectory)cstddef" />
    <ClInclude Include="$(MSBuildThisFileDirectory)Devices\Gpio\PwmHelper.h">
      <Filter>Devices\Gpio</Filter>
    </ClInclude>
    <ClInclude Include="$(MSBuildThisFileDirectory)Devices\System\MailBox.h">
      <Filter>Devices\System</Filter>
    </ClInclude>
  </ItemGroup>
  <ItemGroup>
    <Filter Include="Configuration">
      <UniqueIdentifier>{39f521e6-3a33-4e5b-8bd0-eee76fb2f4a9}</UniqueIdentifier>
    </Filter>
    <Filter Include="Devices">
      <UniqueIdentifier>{7f97cd4a-fd26-4c76-a241-adfdccadddce}</UniqueIdentifier>
    </Filter>
    <Filter Include="Devices\System">
      <UniqueIdentifier>{857258f7-700f-4622-8844-54224f715bde}</UniqueIdentifier>
    </Filter>
    <Filter Include="Devices\Timers">
      <UniqueIdentifier>{139bd0a9-020c-4e62-a3a5-3c1279770a5d}</UniqueIdentifier>
    </Filter>
    <Filter Include="Storage">
      <UniqueIdentifier>{3114767f-77b5-4f19-81ee-1033bdc7847d}</UniqueIdentifier>
    </Filter>
    <Filter Include="Devices\Gpio">
      <UniqueIdentifier>{605f50fa-4556-45f8-bc01-9b5daa298ea6}</UniqueIdentifier>
    </Filter>
    <Filter Include="Devices\Emmc">
      <UniqueIdentifier>{dce6942c-2dda-4212-abaa-7f6da8ab54e9}</UniqueIdentifier>
    </Filter>
    <Filter Include="Devices\Pcie">
      <UniqueIdentifier>{c571a4a4-e467-44c5-8a28-2469e2ec1257}</UniqueIdentifier>
    </Filter>
    <Filter Include="Devices\Serial">
      <UniqueIdentifier>{870ee661-e3a2-49ea-91ff-ea7a7e88ec14}</UniqueIdentifier>
    </Filter>
  </ItemGroup>
  <ItemGroup>
    <None Include="$(MSBuildThisFileDirectory)Configuration\Compiler.props">
      <Filter>Configuration</Filter>
    </None>
    <None Include="$(MSBuildThisFileDirectory)Configuration\Default.props">
      <Filter>Configuration</Filter>
    </None>
    <None Include="$(MSBuildThisFileDirectory)Configuration\Platform.props">
      <Filter>Configuration</Filter>
    </None>
    <None Include="$(MSBuildThisFileDirectory)Configuration\Tools.props">
      <Filter>Configuration</Filter>
    </None>
    <None Include="$(MSBuildThisFileDirectory)Configuration\Tools.targets">
      <Filter>Configuration</Filter>
    </None>
    <None Include="$(MSBuildThisFileDirectory)linker.ld.in" />
    <None Include="$(MSBuildThisFileDirectory)init.S" />
    <None Include="$(MSBuildThisFileDirectory)vectors.S" />
    <None Include="$(MSBuildThisFileDirectory)task.S" />
    <None Include="$(MSBuildThisFileDirectory)irq.S" />
    <None Include="$(MSBuildThisFileDirectory)except.S" />
    <None Include="$(MSBuildThisFileDirectory)Configuration\Debug.cfg">
      <Filter>Configuration</Filter>
    </None>
    <None Include="$(MSBuildThisFileDirectory)mmu.S" />
  </ItemGroup>
</Project>