<?xml version="1.0" encoding="utf-8"?>
<Project ToolsVersion="4.0" xmlns="http://schemas.microsoft.com/developer/msbuild/2003">
  <ItemGroup>
    <ClCompile Include="$(MSBuildThisFileDirectory)start.cpp" />
    <ClCompile Include="$(MSBuildThisFileDirectory)Devices\Arm\Gpio.cpp">
      <Filter>Devices\Arm</Filter>
    </ClCompile>
    <ClCompile Include="$(MSBuildThisFileDirectory)Devices\Arm\MailBox.cpp">
      <Filter>Devices\Arm</Filter>
    </ClCompile>
    <ClCompile Include="$(MSBuildThisFileDirectory)Devices\System\Cpu.cpp">
      <Filter>Devices\System</Filter>
    </ClCompile>
    <ClCompile Include="$(MSBuildThisFileDirectory)Devices\System\Exceptions.cpp">
      <Filter>Devices\System</Filter>
    </ClCompile>
    <ClCompile Include="$(MSBuildThisFileDirectory)Devices\System\Interrupts.cpp">
      <Filter>Devices\System</Filter>
    </ClCompile>
    <ClCompile Include="$(MSBuildThisFileDirectory)Devices\System\Memory.cpp">
      <Filter>Devices\System</Filter>
    </ClCompile>
    <ClCompile Include="$(MSBuildThisFileDirectory)Devices\System\System.cpp">
      <Filter>Devices\System</Filter>
    </ClCompile>
    <ClCompile Include="$(MSBuildThisFileDirectory)Devices\Timers\SystemTimer.cpp">
      <Filter>Devices\Timers</Filter>
    </ClCompile>
    <ClCompile Include="$(MSBuildThisFileDirectory)unwind.cpp" />
  </ItemGroup>
  <ItemGroup>
    <ClInclude Include="$(MSBuildThisFileDirectory)IntelliSense.h" />
    <ClInclude Include="$(MSBuildThisFileDirectory)pch.h" />
    <ClInclude Include="$(MSBuildThisFileDirectory)config.h" />
    <ClInclude Include="$(MSBuildThisFileDirectory)Devices\Arm\Gpio.h">
      <Filter>Devices\Arm</Filter>
    </ClInclude>
    <ClInclude Include="$(MSBuildThisFileDirectory)Devices\Arm\MailBox.h">
      <Filter>Devices\Arm</Filter>
    </ClInclude>
    <ClInclude Include="$(MSBuildThisFileDirectory)Devices\System\Cpu.h">
      <Filter>Devices\System</Filter>
    </ClInclude>
    <ClInclude Include="$(MSBuildThisFileDirectory)Devices\System\Interrupts.h">
      <Filter>Devices\System</Filter>
    </ClInclude>
    <ClInclude Include="$(MSBuildThisFileDirectory)Devices\System\Memory.h">
      <Filter>Devices\System</Filter>
    </ClInclude>
    <ClInclude Include="$(MSBuildThisFileDirectory)Devices\System\Peripherals.h">
      <Filter>Devices\System</Filter>
    </ClInclude>
    <ClInclude Include="$(MSBuildThisFileDirectory)Devices\System\System.h">
      <Filter>Devices\System</Filter>
    </ClInclude>
    <ClInclude Include="$(MSBuildThisFileDirectory)Devices\Timers\SystemTimer.h">
      <Filter>Devices\Timers</Filter>
    </ClInclude>
    <ClInclude Include="$(MSBuildThisFileDirectory)except.h" />
    <ClInclude Include="$(MSBuildThisFileDirectory)task.h" />
    <ClInclude Include="$(MSBuildThisFileDirectory)irq.h" />
    <ClInclude Include="$(MSBuildThisFileDirectory)cpu.h" />
    <ClInclude Include="$(MSBuildThisFileDirectory)stddef.h" />
    <ClInclude Include="$(MSBuildThisFileDirectory)cstddef" />
    <ClInclude Include="$(MSBuildThisFileDirectory)unwind.h" />
  </ItemGroup>
  <ItemGroup>
    <Filter Include="Configuration">
      <UniqueIdentifier>{39f521e6-3a33-4e5b-8bd0-eee76fb2f4a9}</UniqueIdentifier>
    </Filter>
    <Filter Include="Devices">
      <UniqueIdentifier>{7f97cd4a-fd26-4c76-a241-adfdccadddce}</UniqueIdentifier>
    </Filter>
    <Filter Include="Devices\Arm">
      <UniqueIdentifier>{18dd74a5-4c3a-40a7-b793-7c5ae2274ac8}</UniqueIdentifier>
    </Filter>
    <Filter Include="Devices\System">
      <UniqueIdentifier>{857258f7-700f-4622-8844-54224f715bde}</UniqueIdentifier>
    </Filter>
    <Filter Include="Devices\Timers">
      <UniqueIdentifier>{139bd0a9-020c-4e62-a3a5-3c1279770a5d}</UniqueIdentifier>
    </Filter>
  </ItemGroup>
  <ItemGroup>
    <None Include="$(MSBuildThisFileDirectory)Configuration\Compiler.props">
      <Filter>Configuration</Filter>
    </None>
    <None Include="$(MSBuildThisFileDirectory)Configuration\Debugger.cfg">
      <Filter>Configuration</Filter>
    </None>
    <None Include="$(MSBuildThisFileDirectory)Configuration\Default.props">
      <Filter>Configuration</Filter>
    </None>
    <None Include="$(MSBuildThisFileDirectory)Configuration\Platform.props">
      <Filter>Configuration</Filter>
    </None>
    <None Include="$(MSBuildThisFileDirectory)Configuration\Tools.props">
      <Filter>Configuration</Filter>
    </None>
    <None Include="$(MSBuildThisFileDirectory)Configuration\Tools.targets">
      <Filter>Configuration</Filter>
    </None>
    <None Include="$(MSBuildThisFileDirectory)linker.ld.in" />
    <None Include="$(MSBuildThisFileDirectory)start.S" />
    <None Include="$(MSBuildThisFileDirectory)except.S" />
    <None Include="$(MSBuildThisFileDirectory)task.S" />
    <None Include="$(MSBuildThisFileDirectory)irq.S" />
  </ItemGroup>
  <ItemGroup>
    <Text Include="$(MSBuildThisFileDirectory)config.txt" />
  </ItemGroup>
</Project>