
Microsoft Visual Studio Solution File, Format Version 12.00
# Visual Studio Version 17
VisualStudioVersion = 17.0.31512.422
MinimumVisualStudioVersion = 10.0.40219.1
Project("{8BC9CEB8-8B4A-11D0-8D11-00A0C91BC942}") = "Core", "Core\Core.vcxitems", "{5246A431-BF83-4EB6-BD97-A664298B76E2}"
EndProject
Project("{8BC9CEB8-8B4A-11D0-8D11-00A0C91BC942}") = "Default", "Default\Default.vcxitems", "{E356BD3B-D09B-4FDA-ACD2-403372FCEAC1}"
EndProject
Project("{8BC9CEB8-8B4A-11D0-8D11-00A0C91BC942}") = "Core.Rpi5", "Core.Rpi5\Core.Rpi5.vcxitems", "{4422A24D-5F09-491B-B4F1-48433B26ED3D}"
EndProject
Project("{8BC9CEB8-8B4A-11D0-8D11-00A0C91BC942}") = "Blink", "Blink\Blink.vcxproj", "{0A8C397A-DB1A-41FA-966B-358CE4352EB4}"
EndProject
Global
	GlobalSection(SolutionConfigurationPlatforms) = preSolution
		Debug|Rpi5 = Debug|Rpi5
		Release|Rpi5 = Release|Rpi5
	EndGlobalSection
	GlobalSection(ProjectConfigurationPlatforms) = postSolution
		{0A8C397A-DB1A-41FA-966B-358CE4352EB4}.Debug|Rpi5.ActiveCfg = Debug|Rpi5
		{0A8C397A-DB1A-41FA-966B-358CE4352EB4}.Debug|Rpi5.Build.0 = Debug|Rpi5
		{0A8C397A-DB1A-41FA-966B-358CE4352EB4}.Release|Rpi5.ActiveCfg = Release|Rpi5
		{0A8C397A-DB1A-41FA-966B-358CE4352EB4}.Release|Rpi5.Build.0 = Release|Rpi5
	EndGlobalSection
	GlobalSection(SolutionProperties) = preSolution
		HideSolutionNode = FALSE
	EndGlobalSection
	GlobalSection(ExtensibilityGlobals) = postSolution
		SolutionGuid = {C03CAE64-5A0E-44BD-B0F9-D3442844954E}
	EndGlobalSection
	GlobalSection(SharedMSBuildProjectFiles) = preSolution
		Core\Core.vcxitems*{0a8c397a-db1a-41fa-966b-358ce4352eb4}*SharedItemsImports = 4
		Default\Default.vcxitems*{0a8c397a-db1a-41fa-966b-358ce4352eb4}*SharedItemsImports = 4
		Core.Rpi5\Core.Rpi5.vcxitems*{4422a24d-5f09-491b-b4f1-48433b26ed3d}*SharedItemsImports = 9
		Core\Core.vcxitems*{5246a431-bf83-4eb6-bd97-a664298b76e2}*SharedItemsImports = 9
		Default\Default.vcxitems*{e356bd3b-d09b-4fda-acd2-403372fceac1}*SharedItemsImports = 9
	EndGlobalSection
EndGlobal
