<?xml version="1.0" encoding="utf-8"?>
<Project ToolsVersion="4.0" xmlns="http://schemas.microsoft.com/developer/msbuild/2003">
  <ItemGroup>
    <ClInclude Include="$(MSBuildThisFileDirectory)assert.h" />
    <ClInclude Include="$(MSBuildThisFileDirectory)heap.h" />
    <ClInclude Include="$(MSBuildThisFileDirectory)stdbool.h" />
    <ClInclude Include="$(MSBuildThisFileDirectory)stdint.h" />
    <ClInclude Include="$(MSBuildThisFileDirectory)stdlib.h" />
    <ClInclude Include="$(MSBuildThisFileDirectory)string.h" />
    <ClInclude Include="$(MSBuildThisFileDirectory)TypeInfo.h" />
    <ClInclude Include="$(MSBuildThisFileDirectory)asm.h" />
    <ClInclude Include="$(MSBuildThisFileDirectory)IntelliSense.h" />
    <ClInclude Include="$(MSBuildThisFileDirectory)cxxabi.h" />
    <ClInclude Include="$(MSBuildThisFileDirectory)Platform.h" />
    <ClInclude Include="$(MSBuildThisFileDirectory)cassert" />
    <ClInclude Include="$(MSBuildThisFileDirectory)Concurrency\TaskHelper.h">
      <Filter>Concurrency</Filter>
    </ClInclude>
    <ClInclude Include="$(MSBuildThisFileDirectory)cmath" />
    <ClInclude Include="$(MSBuildThisFileDirectory)mutex" />
    <ClInclude Include="$(MSBuildThisFileDirectory)new" />
    <ClInclude Include="$(MSBuildThisFileDirectory)shared_mutex" />
    <ClInclude Include="$(MSBuildThisFileDirectory)stdexcept" />
    <ClInclude Include="$(MSBuildThisFileDirectory)type_traits" />
    <ClInclude Include="$(MSBuildThisFileDirectory)utility" />
    <ClInclude Include="$(MSBuildThisFileDirectory)io.h" />
    <ClInclude Include="$(MSBuildThisFileDirectory)bits.h" />
    <ClInclude Include="$(MSBuildThisFileDirectory)attr.h" />
    <ClInclude Include="$(MSBuildThisFileDirectory)Storage\RingBuffer.h">
      <Filter>Storage</Filter>
    </ClInclude>
    <ClInclude Include="$(MSBuildThisFileDirectory)Storage\Streams\ReadBuffer.h">
      <Filter>Storage\Streams</Filter>
    </ClInclude>
    <ClInclude Include="$(MSBuildThisFileDirectory)Storage\Streams\WriteBuffer.h">
      <Filter>Storage\Streams</Filter>
    </ClInclude>
  </ItemGroup>
  <ItemGroup>
    <None Include="$(MSBuildThisFileDirectory)Configuration\Compiler.props">
      <Filter>Configuration</Filter>
    </None>
    <None Include="$(MSBuildThisFileDirectory)Configuration\Compiler.targets">
      <Filter>Configuration</Filter>
    </None>
    <None Include="$(MSBuildThisFileDirectory)Configuration\Debug.targets">
      <Filter>Configuration</Filter>
    </None>
    <None Include="$(MSBuildThisFileDirectory)Configuration\Default.props">
      <Filter>Configuration</Filter>
    </None>
    <None Include="$(MSBuildThisFileDirectory)Configuration\Default.targets">
      <Filter>Configuration</Filter>
    </None>
    <None Include="$(MSBuildThisFileDirectory)Configuration\Platform.props">
      <Filter>Configuration</Filter>
    </None>
    <None Include="$(MSBuildThisFileDirectory)Configuration\Platform.targets">
      <Filter>Configuration</Filter>
    </None>
    <None Include="$(MSBuildThisFileDirectory)Configuration\Tools.props">
      <Filter>Configuration</Filter>
    </None>
    <None Include="$(MSBuildThisFileDirectory)Configuration\Tools.targets">
      <Filter>Configuration</Filter>
    </None>
    <None Include="$(MSBuildThisFileDirectory)Configuration\Debug.props">
      <Filter>Configuration</Filter>
    </None>
    <None Include="$(MSBuildThisFileDirectory)Configuration\NinjaBuild.targets">
      <Filter>Configuration</Filter>
    </None>
  </ItemGroup>
  <ItemGroup>
    <ClCompile Include="$(MSBuildThisFileDirectory)heap.cpp" />
    <ClCompile Include="$(MSBuildThisFileDirectory)stdlib.cpp" />
    <ClCompile Include="$(MSBuildThisFileDirectory)TypeInfo.cpp" />
    <ClCompile Include="$(MSBuildThisFileDirectory)new.cpp" />
    <ClCompile Include="$(MSBuildThisFileDirectory)string.c" />
    <ClCompile Include="$(MSBuildThisFileDirectory)cxxabi.cpp" />
    <ClCompile Include="$(MSBuildThisFileDirectory)Concurrency\TaskHelper.cpp">
      <Filter>Concurrency</Filter>
    </ClCompile>
    <ClCompile Include="$(MSBuildThisFileDirectory)Storage\RingBuffer.cpp">
      <Filter>Storage</Filter>
    </ClCompile>
    <ClCompile Include="$(MSBuildThisFileDirectory)Storage\Streams\ReadBuffer.cpp">
      <Filter>Storage\Streams</Filter>
    </ClCompile>
    <ClCompile Include="$(MSBuildThisFileDirectory)Storage\Streams\WriteBuffer.cpp">
      <Filter>Storage\Streams</Filter>
    </ClCompile>
  </ItemGroup>
  <ItemGroup>
    <Filter Include="Configuration">
      <UniqueIdentifier>{5805ee56-b3cf-456e-b0b7-1b0b424bc3d2}</UniqueIdentifier>
    </Filter>
    <Filter Include="Concurrency">
      <UniqueIdentifier>{c14ccb0d-80cb-4bad-80e4-e21e3db633e3}</UniqueIdentifier>
    </Filter>
    <Filter Include="Storage">
      <UniqueIdentifier>{b8394696-fb9d-47bf-8d7a-0b2054f61620}</UniqueIdentifier>
    </Filter>
    <Filter Include="Storage\Streams">
      <UniqueIdentifier>{63b21686-c526-4fb7-961c-a45ad4774e85}</UniqueIdentifier>
    </Filter>
  </ItemGroup>
</Project>