<?xml version="1.0" encoding="utf-8"?>
<Project ToolsVersion="4.0" xmlns="http://schemas.microsoft.com/developer/msbuild/2003">
  <ItemGroup>
    <Filter Include="Culture">
      <UniqueIdentifier>{ea6b6ccf-e1c2-4921-a2b2-49a159c3e9a8}</UniqueIdentifier>
    </Filter>
    <Filter Include="Collections">
      <UniqueIdentifier>{b02f9ab9-dfb6-4c9c-bf72-7f4b86d3d600}</UniqueIdentifier>
    </Filter>
    <Filter Include="Storage">
      <UniqueIdentifier>{9ab2824d-6a2a-4b2b-b93d-a924eae69943}</UniqueIdentifier>
    </Filter>
    <Filter Include="Storage\Virtual">
      <UniqueIdentifier>{80fb50e1-ae66-40fc-a8e8-8c1de402d0a0}</UniqueIdentifier>
    </Filter>
    <Filter Include="Resources">
      <UniqueIdentifier>{2627988c-39dd-45c0-9eea-1a8e1b6c22d2}</UniqueIdentifier>
    </Filter>
    <Filter Include="Resources\Strings">
      <UniqueIdentifier>{7988abd1-982b-48fc-b64c-06b9b65b5cb3}</UniqueIdentifier>
    </Filter>
    <Filter Include="Resources\Icons">
      <UniqueIdentifier>{a3ba2fb0-1c62-4c0c-82af-2ad2398192f0}</UniqueIdentifier>
    </Filter>
    <Filter Include="Timing">
      <UniqueIdentifier>{e2f3aad0-adf0-45ef-88e2-794eda0c8caa}</UniqueIdentifier>
    </Filter>
    <Filter Include="Storage\Encoding">
      <UniqueIdentifier>{ad6cb8ab-275a-41c4-a862-748dfea1ea24}</UniqueIdentifier>
    </Filter>
    <Filter Include="Storage\Encoding\Xml">
      <UniqueIdentifier>{b91b5d0c-ab93-4de4-859b-f7d60e243e34}</UniqueIdentifier>
    </Filter>
    <Filter Include="Network">
      <UniqueIdentifier>{6f15d56b-37f7-4ab7-a2a4-6126dd17d6cb}</UniqueIdentifier>
    </Filter>
    <Filter Include="Network\Ip">
      <UniqueIdentifier>{24f7ae7c-bd23-4792-b954-7234aa85c888}</UniqueIdentifier>
    </Filter>
  </ItemGroup>
  <ItemGroup>
    <ClInclude Include="$(MSBuildThisFileDirectory)Collections\Log.h">
      <Filter>Collections</Filter>
    </ClInclude>
    <ClInclude Include="$(MSBuildThisFileDirectory)Collections\LogEntry.h">
      <Filter>Collections</Filter>
    </ClInclude>
    <ClInclude Include="$(MSBuildThisFileDirectory)Storage\Workspace.h">
      <Filter>Storage</Filter>
    </ClInclude>
    <ClInclude Include="$(MSBuildThisFileDirectory)Storage\Virtual\Directory.h">
      <Filter>Storage\Virtual</Filter>
    </ClInclude>
    <ClInclude Include="$(MSBuildThisFileDirectory)Storage\FileSize.h">
      <Filter>Storage</Filter>
    </ClInclude>
    <ClInclude Include="$(MSBuildThisFileDirectory)BoolClass.h" />
    <ClInclude Include="$(MSBuildThisFileDirectory)CharClass.h" />
    <ClInclude Include="$(MSBuildThisFileDirectory)Enum.h" />
    <ClInclude Include="$(MSBuildThisFileDirectory)Flags.h" />
    <ClInclude Include="$(MSBuildThisFileDirectory)FloatClass.h" />
    <ClInclude Include="$(MSBuildThisFileDirectory)Guid.h" />
    <ClInclude Include="$(MSBuildThisFileDirectory)IntegerClasses.h" />
    <ClInclude Include="$(MSBuildThisFileDirectory)StringVariable.h" />
    <ClInclude Include="$(MSBuildThisFileDirectory)Variable.h" />
    <ClInclude Include="$(MSBuildThisFileDirectory)Resources\Strings\Months.h">
      <Filter>Resources\Strings</Filter>
    </ClInclude>
    <ClInclude Include="$(MSBuildThisFileDirectory)Resources\Strings\Days.h">
      <Filter>Resources\Strings</Filter>
    </ClInclude>
    <ClInclude Include="$(MSBuildThisFileDirectory)Resources\Strings\Language.h">
      <Filter>Resources\Strings</Filter>
    </ClInclude>
    <ClInclude Include="$(MSBuildThisFileDirectory)Resources\Icons\Icon.h">
      <Filter>Resources\Icons</Filter>
    </ClInclude>
    <ClInclude Include="$(MSBuildThisFileDirectory)Resources\Strings\String.h">
      <Filter>Resources\Strings</Filter>
    </ClInclude>
    <ClInclude Include="$(MSBuildThisFileDirectory)Culture\Language.h">
      <Filter>Culture</Filter>
    </ClInclude>
    <ClInclude Include="$(MSBuildThisFileDirectory)Collections\Settings.h">
      <Filter>Collections</Filter>
    </ClInclude>
    <ClInclude Include="$(MSBuildThisFileDirectory)Timing\TimePoint.h">
      <Filter>Timing</Filter>
    </ClInclude>
    <ClInclude Include="$(MSBuildThisFileDirectory)Timing\TimeSpan.h">
      <Filter>Timing</Filter>
    </ClInclude>
    <ClInclude Include="$(MSBuildThisFileDirectory)Timing\Clock.h">
      <Filter>Timing</Filter>
    </ClInclude>
    <ClInclude Include="$(MSBuildThisFileDirectory)Timing\Timer.h">
      <Filter>Timing</Filter>
    </ClInclude>
    <ClInclude Include="$(MSBuildThisFileDirectory)Culture\Sentence.h">
      <Filter>Culture</Filter>
    </ClInclude>
    <ClInclude Include="$(MSBuildThisFileDirectory)Storage\Encoding\Xml\XmlContent.h">
      <Filter>Storage\Encoding\Xml</Filter>
    </ClInclude>
    <ClInclude Include="$(MSBuildThisFileDirectory)Storage\Encoding\Xml\XmlElement.h">
      <Filter>Storage\Encoding\Xml</Filter>
    </ClInclude>
    <ClInclude Include="$(MSBuildThisFileDirectory)Storage\Encoding\Xml\XmlNode.h">
      <Filter>Storage\Encoding\Xml</Filter>
    </ClInclude>
    <ClInclude Include="$(MSBuildThisFileDirectory)Culture\LanguageCode.h">
      <Filter>Culture</Filter>
    </ClInclude>
    <ClInclude Include="$(MSBuildThisFileDirectory)Resources\Strings\Status.h">
      <Filter>Resources\Strings</Filter>
    </ClInclude>
    <ClInclude Include="$(MSBuildThisFileDirectory)Resources\Strings\Bool.h">
      <Filter>Resources\Strings</Filter>
    </ClInclude>
    <ClInclude Include="$(MSBuildThisFileDirectory)Network\Ip\IpAddress.h">
      <Filter>Network\Ip</Filter>
    </ClInclude>
  </ItemGroup>
  <ItemGroup>
    <ClCompile Include="$(MSBuildThisFileDirectory)Collections\Log.cpp">
      <Filter>Collections</Filter>
    </ClCompile>
    <ClCompile Include="$(MSBuildThisFileDirectory)Collections\LogEntry.cpp">
      <Filter>Collections</Filter>
    </ClCompile>
    <ClCompile Include="$(MSBuildThisFileDirectory)Storage\Workspace.cpp">
      <Filter>Storage</Filter>
    </ClCompile>
    <ClCompile Include="$(MSBuildThisFileDirectory)Storage\Virtual\Directory.cpp">
      <Filter>Storage\Virtual</Filter>
    </ClCompile>
    <ClCompile Include="$(MSBuildThisFileDirectory)Storage\FileSize.cpp">
      <Filter>Storage</Filter>
    </ClCompile>
    <ClCompile Include="$(MSBuildThisFileDirectory)BoolClass.cpp" />
    <ClCompile Include="$(MSBuildThisFileDirectory)Enum.cpp" />
    <ClCompile Include="$(MSBuildThisFileDirectory)Flags.cpp" />
    <ClCompile Include="$(MSBuildThisFileDirectory)Guid.cpp" />
    <ClCompile Include="$(MSBuildThisFileDirectory)StringVariable.cpp" />
    <ClCompile Include="$(MSBuildThisFileDirectory)Culture\Language.cpp">
      <Filter>Culture</Filter>
    </ClCompile>
    <ClCompile Include="$(MSBuildThisFileDirectory)Collections\Settings.cpp">
      <Filter>Collections</Filter>
    </ClCompile>
    <ClCompile Include="$(MSBuildThisFileDirectory)Timing\TimePoint.cpp">
      <Filter>Timing</Filter>
    </ClCompile>
    <ClCompile Include="$(MSBuildThisFileDirectory)Timing\TimeSpan.cpp">
      <Filter>Timing</Filter>
    </ClCompile>
    <ClCompile Include="$(MSBuildThisFileDirectory)Timing\Clock.cpp">
      <Filter>Timing</Filter>
    </ClCompile>
    <ClCompile Include="$(MSBuildThisFileDirectory)Timing\Timer.cpp">
      <Filter>Timing</Filter>
    </ClCompile>
    <ClCompile Include="$(MSBuildThisFileDirectory)Culture\Sentence.cpp">
      <Filter>Culture</Filter>
    </ClCompile>
    <ClCompile Include="$(MSBuildThisFileDirectory)Storage\Encoding\Xml\XmlContent.cpp">
      <Filter>Storage\Encoding\Xml</Filter>
    </ClCompile>
    <ClCompile Include="$(MSBuildThisFileDirectory)Storage\Encoding\Xml\XmlNode.cpp">
      <Filter>Storage\Encoding\Xml</Filter>
    </ClCompile>
    <ClCompile Include="$(MSBuildThisFileDirectory)Network\Ip\IpAddress.cpp">
      <Filter>Network\Ip</Filter>
    </ClCompile>
    <ClCompile Include="$(MSBuildThisFileDirectory)FloatClass.cpp" />
    <ClCompile Include="$(MSBuildThisFileDirectory)IntegerClasses.cpp" />
  </ItemGroup>
</Project>