<?xml version="1.0" encoding="utf-8"?>
<Project ToolsVersion="4.0" xmlns="http://schemas.microsoft.com/developer/msbuild/2003">
  <ItemGroup>
    <ClInclude Include="$(MSBuildThisFileDirectory)BitHelper.h" />
    <ClInclude Include="$(MSBuildThisFileDirectory)Firmware\Application.h">
      <Filter>Firmware</Filter>
    </ClInclude>
    <ClInclude Include="$(MSBuildThisFileDirectory)Concurrency\CriticalSection.h">
      <Filter>Concurrency</Filter>
    </ClInclude>
    <ClInclude Include="$(MSBuildThisFileDirectory)Concurrency\DispatchedHandler.h">
      <Filter>Concurrency</Filter>
    </ClInclude>
    <ClInclude Include="$(MSBuildThisFileDirectory)Concurrency\DispatchedQueue.h">
      <Filter>Concurrency</Filter>
    </ClInclude>
    <ClInclude Include="$(MSBuildThisFileDirectory)Concurrency\Mutex.h">
      <Filter>Concurrency</Filter>
    </ClInclude>
    <ClInclude Include="$(MSBuildThisFileDirectory)Concurrency\Scheduler.h">
      <Filter>Concurrency</Filter>
    </ClInclude>
    <ClInclude Include="$(MSBuildThisFileDirectory)Concurrency\ScopedLock.h">
      <Filter>Concurrency</Filter>
    </ClInclude>
    <ClInclude Include="$(MSBuildThisFileDirectory)Concurrency\SharedLock.h">
      <Filter>Concurrency</Filter>
    </ClInclude>
    <ClInclude Include="$(MSBuildThisFileDirectory)Concurrency\Signal.h">
      <Filter>Concurrency</Filter>
    </ClInclude>
    <ClInclude Include="$(MSBuildThisFileDirectory)Concurrency\SpinLock.h">
      <Filter>Concurrency</Filter>
    </ClInclude>
    <ClInclude Include="$(MSBuildThisFileDirectory)Concurrency\Task.h">
      <Filter>Concurrency</Filter>
    </ClInclude>
    <ClInclude Include="$(MSBuildThisFileDirectory)Concurrency\TaskLock.h">
      <Filter>Concurrency</Filter>
    </ClInclude>
    <ClInclude Include="$(MSBuildThisFileDirectory)Platform.h" />
  </ItemGroup>
  <ItemGroup>
    <Filter Include="Firmware">
      <UniqueIdentifier>{ebb15d28-ee5b-4b5b-b919-01b81ffe93a9}</UniqueIdentifier>
    </Filter>
    <Filter Include="Concurrency">
      <UniqueIdentifier>{49d1dcf5-7b8f-4b5b-a705-487d8efef2ec}</UniqueIdentifier>
    </Filter>
  </ItemGroup>
  <ItemGroup>
    <ClCompile Include="$(MSBuildThisFileDirectory)Firmware\Application.cpp">
      <Filter>Firmware</Filter>
    </ClCompile>
    <ClCompile Include="$(MSBuildThisFileDirectory)Concurrency\CriticalSection.cpp">
      <Filter>Concurrency</Filter>
    </ClCompile>
    <ClCompile Include="$(MSBuildThisFileDirectory)Concurrency\DispatchedQueue.cpp">
      <Filter>Concurrency</Filter>
    </ClCompile>
    <ClCompile Include="$(MSBuildThisFileDirectory)Concurrency\Mutex.cpp">
      <Filter>Concurrency</Filter>
    </ClCompile>
    <ClCompile Include="$(MSBuildThisFileDirectory)Concurrency\Scheduler.cpp">
      <Filter>Concurrency</Filter>
    </ClCompile>
    <ClCompile Include="$(MSBuildThisFileDirectory)Concurrency\Signal.cpp">
      <Filter>Concurrency</Filter>
    </ClCompile>
    <ClCompile Include="$(MSBuildThisFileDirectory)Concurrency\Task.cpp">
      <Filter>Concurrency</Filter>
    </ClCompile>
  </ItemGroup>
</Project>